dependencies:
- name: redis
  repository: https://groundhog2k.github.io/helm-charts/
  version: 2.2.1
- name: couchdb
  repository: https://apache.github.io/couchdb-helm
  version: 4.6.3
digest: sha256:f546e472ba1fb8cd955ea85b8bf0bb8450b4929f56cc57c91f42f5a278059c67
generated: "2025-12-31T15:01:51.197144103Z"
