dependencies:
- name: redis
  repository: https://groundhog2k.github.io/helm-charts/
  version: 0.6.14
- name: couchdb
  repository: https://apache.github.io/couchdb-helm
  version: 4.6.2
digest: sha256:f496d2435d8d4e747e3f302470f00666a50a31af2f57b31a6a2860820e9be5c0
generated: "2025-12-05T17:10:23.286256973Z"
