dependencies:
- name: redis
  repository: https://groundhog2k.github.io/helm-charts/
  version: 0.7.10
- name: couchdb
  repository: https://apache.github.io/couchdb-helm
  version: 4.6.2
digest: sha256:db556fb0dd611bb4902db1500a4a1fa4792d6e7f4906bd4769f0b5de81d00ae4
generated: "2025-12-05T21:03:52.653799588Z"
